{
    "_meta": {
        "hash": {
            "sha256": "5dc6c856b97b2c60e87785673473291fe301e611c149b9044728d5c40e12954c"
        },
        "pipfile-spec": 6,
        "requires": {
            "python_version": "3.7"
        },
        "sources": [
            {
                "name": "pypi",
                "url": "https://pypi.org/simple",
                "verify_ssl": true
            }
        ]
    },
    "default": {
        "certifi": {
            "hashes": [
                "sha256:1a4995114262bffbc2413b159f2a1a480c969de6e6eb13ee966d470af86af59c",
                "sha256:719a74fb9e33b9bd44cc7f3a8d94bc35e4049deebe19ba7d8e108280cfd59830"
            ],
            "version": "==2020.12.5"
        },
        "chardet": {
            "hashes": [
                "sha256:84ab92ed1c4d4f16916e05906b6b75a6c0fb5db821cc65e70cbd64a3e2a5eaae",
                "sha256:fc323ffcaeaed0e0a02bf4d117757b98aed530d9ed4531e3e15460124c106691"
            ],
            "version": "==3.0.4"
        },
        "discord-logging": {
            "git": "https://github.com/Watchful1/DiscordLogging.git",
            "ref": "25306834745c982cbf325f98f0a3816f8860e20e"
        },
        "idna": {
            "hashes": [
                "sha256:b307872f855b18632ce0c21c5e45be78c0ea7ae4c15c828c20788b26921eb3f6",
                "sha256:b97d804b1e9b523befed77c48dacec60e6dcb0b5391d57af6a65a312a90648c0"
            ],
            "version": "==2.10"
        },
        "lxml": {
            "hashes": [
                "sha256:0448576c148c129594d890265b1a83b9cd76fd1f0a6a04620753d9a6bcfd0a4d",
                "sha256:127f76864468d6630e1b453d3ffbbd04b024c674f55cf0a30dc2595137892d37",
                "sha256:1471cee35eba321827d7d53d104e7b8c593ea3ad376aa2df89533ce8e1b24a01",
                "sha256:2363c35637d2d9d6f26f60a208819e7eafc4305ce39dc1d5005eccc4593331c2",
                "sha256:2e5cc908fe43fe1aa299e58046ad66981131a66aea3129aac7770c37f590a644",
                "sha256:2e6fd1b8acd005bd71e6c94f30c055594bbd0aa02ef51a22bbfa961ab63b2d75",
                "sha256:366cb750140f221523fa062d641393092813b81e15d0e25d9f7c6025f910ee80",
                "sha256:42ebca24ba2a21065fb546f3e6bd0c58c3fe9ac298f3a320147029a4850f51a2",
                "sha256:4e751e77006da34643ab782e4a5cc21ea7b755551db202bc4d3a423b307db780",
                "sha256:4fb85c447e288df535b17ebdebf0ec1cf3a3f1a8eba7e79169f4f37af43c6b98",
                "sha256:50c348995b47b5a4e330362cf39fc503b4a43b14a91c34c83b955e1805c8e308",
                "sha256:535332fe9d00c3cd455bd3dd7d4bacab86e2d564bdf7606079160fa6251caacf",
                "sha256:535f067002b0fd1a4e5296a8f1bf88193080ff992a195e66964ef2a6cfec5388",
                "sha256:5be4a2e212bb6aa045e37f7d48e3e1e4b6fd259882ed5a00786f82e8c37ce77d",
                "sha256:60a20bfc3bd234d54d49c388950195d23a5583d4108e1a1d47c9eef8d8c042b3",
                "sha256:648914abafe67f11be7d93c1a546068f8eff3c5fa938e1f94509e4a5d682b2d8",
                "sha256:681d75e1a38a69f1e64ab82fe4b1ed3fd758717bed735fb9aeaa124143f051af",
                "sha256:68a5d77e440df94011214b7db907ec8f19e439507a70c958f750c18d88f995d2",
                "sha256:69a63f83e88138ab7642d8f61418cf3180a4d8cd13995df87725cb8b893e950e",
                "sha256:6e4183800f16f3679076dfa8abf2db3083919d7e30764a069fb66b2b9eff9939",
                "sha256:6fd8d5903c2e53f49e99359b063df27fdf7acb89a52b6a12494208bf61345a03",
                "sha256:791394449e98243839fa822a637177dd42a95f4883ad3dec2a0ce6ac99fb0a9d",
                "sha256:7a7669ff50f41225ca5d6ee0a1ec8413f3a0d8aa2b109f86d540887b7ec0d72a",
                "sha256:7e9eac1e526386df7c70ef253b792a0a12dd86d833b1d329e038c7a235dfceb5",
                "sha256:7ee8af0b9f7de635c61cdd5b8534b76c52cd03536f29f51151b377f76e214a1a",
                "sha256:8246f30ca34dc712ab07e51dc34fea883c00b7ccb0e614651e49da2c49a30711",
                "sha256:8c88b599e226994ad4db29d93bc149aa1aff3dc3a4355dd5757569ba78632bdf",
                "sha256:923963e989ffbceaa210ac37afc9b906acebe945d2723e9679b643513837b089",
                "sha256:94d55bd03d8671686e3f012577d9caa5421a07286dd351dfef64791cf7c6c505",
                "sha256:97db258793d193c7b62d4e2586c6ed98d51086e93f9a3af2b2034af01450a74b",
                "sha256:a9d6bc8642e2c67db33f1247a77c53476f3a166e09067c0474facb045756087f",
                "sha256:cd11c7e8d21af997ee8079037fff88f16fda188a9776eb4b81c7e4c9c0a7d7fc",
                "sha256:d8d3d4713f0c28bdc6c806a278d998546e8efc3498949e3ace6e117462ac0a5e",
                "sha256:e0bfe9bb028974a481410432dbe1b182e8191d5d40382e5b8ff39cdd2e5c5931",
                "sha256:f4822c0660c3754f1a41a655e37cb4dbbc9be3d35b125a37fab6f82d47674ebc",
                "sha256:f83d281bb2a6217cd806f4cf0ddded436790e66f393e124dfe9731f6b3fb9afe",
                "sha256:fc37870d6716b137e80d19241d0e2cff7a7643b925dfa49b4c8ebd1295eb506e"
            ],
            "index": "pypi",
            "version": "==4.6.2"
        },
        "praw": {
            "hashes": [
                "sha256:65129169d560800261908415ed955f3cbc63648549820b3ccce0a823ffa2fd78",
                "sha256:74e4b6c3f206342d05272ce1770ac7b9c48207c9a7ffea3d5251460b70f18188",
                "sha256:dcdcf13b7f7ae2393afd914644bf16b254eaf5230c81adf2feafe1ec514307ca"
            ],
            "index": "pypi",
            "version": "==7.0.0"
        },
        "prawcore": {
            "hashes": [
                "sha256:1f1eafc8a65d671f9892354f73142014fbb5d3a9ee621568c662d0a354e0578b",
                "sha256:672d8a2faa12b44307874b2acfdd27f9cbaa5fa37bada4b34e36277224e6d8ed"
            ],
            "version": "==1.5.0"
        },
        "pytz": {
            "hashes": [
                "sha256:a494d53b6d39c3c6e44c3bec237336e14305e4f29bbf800b599253057fbb79ed",
                "sha256:c35965d010ce31b23eeb663ed3cc8c906275d6be1a34393a1d73a41febf4a048"
            ],
            "index": "pypi",
            "version": "==2020.1"
        },
        "requests": {
            "hashes": [
                "sha256:43999036bfa82904b6af1d99e4882b560e5e2c68e5c4b0aa03b655f3d7d73fee",
                "sha256:b3f43d496c6daba4493e7c431722aeb7dbc6288f52a6e04e7b6023b0247817e6"
            ],
            "index": "pypi",
            "version": "==2.23.0"
        },
        "six": {
            "hashes": [
                "sha256:30639c035cdb23534cd4aa2dd52c3bf48f06e5f4a941509c8bafd8ce11080259",
                "sha256:8b74bedcbbbaca38ff6d7491d76f2b06b3592611af620f8426e82dddb04a5ced"
            ],
            "version": "==1.15.0"
        },
        "update-checker": {
            "hashes": [
                "sha256:6a2d45bb4ac585884a6b03f9eade9161cedd9e8111545141e9aa9058932acb13",
                "sha256:cbba64760a36fe2640d80d85306e8fe82b6816659190993b7bdabadee4d4bbfd"
            ],
            "version": "==0.18.0"
        },
        "urllib3": {
            "hashes": [
                "sha256:8d7eaa5a82a1cac232164990f04874c594c9453ec55eef02eab885aa02fc17a2",
                "sha256:f5321fbe4bf3fefa0efd0bfe7fb14e90909eb62a48ccda331726b4319897dd5e"
            ],
            "version": "==1.25.11"
        },
        "websocket-client": {
            "hashes": [
                "sha256:0fc45c961324d79c781bab301359d5a1b00b13ad1b10415a4780229ef71a5549",
                "sha256:d735b91d6d1692a6a181f2a8c9e0238e5f6373356f561bb9dc4c7af36f452010"
            ],
            "version": "==0.57.0"
        }
    },
    "develop": {
        "attrs": {
            "hashes": [
                "sha256:31b2eced602aa8423c2aea9c76a724617ed67cf9513173fd3a4f03e3a929c7e6",
                "sha256:832aa3cde19744e49938b91fea06d69ecb9e649c93ba974535d08ad92164f700"
            ],
            "version": "==20.3.0"
        },
        "importlib-metadata": {
            "hashes": [
                "sha256:5c5a2720817414a6c41f0a49993908068243ae02c1635a228126519b509c8aed",
                "sha256:bf792d480abbd5eda85794e4afb09dd538393f7d6e6ffef6e9f03d2014cf9450"
            ],
            "markers": "python_version < '3.8'",
            "version": "==3.3.0"
        },
        "more-itertools": {
            "hashes": [
                "sha256:8e1a2a43b2f2727425f2b5839587ae37093f19153dc26c0927d1048ff6557330",
                "sha256:b3a9005928e5bed54076e6e549c792b306fddfe72b2d1d22dd63d42d5d3899cf"
            ],
            "version": "==8.6.0"
        },
        "packaging": {
            "hashes": [
                "sha256:24e0da08660a87484d1602c30bb4902d74816b6985b93de36926f5bc95741858",
                "sha256:78598185a7008a470d64526a8059de9aaa449238f280fc9eb6b13ba6c4109093"
            ],
            "version": "==20.8"
        },
        "pluggy": {
            "hashes": [
                "sha256:15b2acde666561e1298d71b523007ed7364de07029219b604cf808bfa1c765b0",
                "sha256:966c145cd83c96502c3c3868f50408687b38434af77734af1e9ca461a4081d2d"
            ],
            "version": "==0.13.1"
        },
        "py": {
            "hashes": [
                "sha256:21b81bda15b66ef5e1a777a21c4dcd9c20ad3efd0b3f817e7a809035269e1bd3",
                "sha256:3b80836aa6d1feeaa108e046da6423ab8f6ceda6468545ae8d02d9d58d18818a"
            ],
            "version": "==1.10.0"
        },
        "pyparsing": {
            "hashes": [
                "sha256:c203ec8783bf771a155b207279b9bccb8dea02d8f0c9e5f8ead507bc3246ecc1",
                "sha256:ef9d7589ef3c200abe66653d3f1ab1033c3c419ae9b9bdb1240a85b024efc88b"
            ],
            "version": "==2.4.7"
        },
        "pytest": {
            "hashes": [
                "sha256:5c0db86b698e8f170ba4582a492248919255fcd4c79b1ee64ace34301fb589a1",
                "sha256:7979331bfcba207414f5e1263b5a0f8f521d0f457318836a7355531ed1a4c7d8"
            ],
            "index": "pypi",
            "version": "==5.4.3"
        },
        "typing-extensions": {
            "hashes": [
                "sha256:7cb407020f00f7bfc3cb3e7881628838e69d8f3fcab2f64742a5e76b2f841918",
                "sha256:99d4073b617d30288f569d3f13d2bd7548c3a7e4c8de87db09a9d29bb3a4a60c",
                "sha256:dafc7639cde7f1b6e1acc0f457842a83e722ccca8eef5270af2d74792619a89f"
            ],
            "markers": "python_version < '3.8'",
            "version": "==3.7.4.3"
        },
        "wcwidth": {
            "hashes": [
                "sha256:beb4802a9cebb9144e99086eff703a642a13d6a0052920003a230f3294bbe784",
                "sha256:c4d647b99872929fdb7bdcaa4fbe7f01413ed3d98077df798530e5b04f116c83"
            ],
            "version": "==0.2.5"
        },
        "zipp": {
            "hashes": [
                "sha256:102c24ef8f171fd729d46599845e95c7ab894a4cf45f5de11a44cc7444fb1108",
                "sha256:ed5eee1974372595f9e416cc7bbeeb12335201d8081ca8a0743c954d4446e5cb"
            ],
            "version": "==3.4.0"
        }
    }
}
